// !$*UTF8*$!
{
	archiveVersion = 1;
	classes = {
	};
	objectVersion = 50;
	objects = {

/* Begin PBXBuildFile section */
		04D8883E25F5DC9A00BA414B /* AppDelegate.swift in Sources */ = {isa = PBXBuildFile; fileRef = 04D8883D25F5DC9A00BA414B /* AppDelegate.swift */; };
		04D8884025F5DC9A00BA414B /* SceneDelegate.swift in Sources */ = {isa = PBXBuildFile; fileRef = 04D8883F25F5DC9A00BA414B /* SceneDelegate.swift */; };
		04D8884225F5DC9A00BA414B /* ContentView.swift in Sources */ = {isa = PBXBuildFile; fileRef = 04D8884125F5DC9A00BA414B /* ContentView.swift */; };
		04D8884425F5DC9B00BA414B /* Assets.xcassets in Resources */ = {isa = PBXBuildFile; fileRef = 04D8884325F5DC9B00BA414B /* Assets.xcassets */; };
		04D8884725F5DC9B00BA414B /* Preview Assets.xcassets in Resources */ = {isa = PBXBuildFile; fileRef = 04D8884625F5DC9B00BA414B /* Preview Assets.xcassets */; };
		04D8884A25F5DC9B00BA414B /* LaunchScreen.storyboard in Resources */ = {isa = PBXBuildFile; fileRef = 04D8884825F5DC9B00BA414B /* LaunchScreen.storyboard */; };
		04D8885925F5DCEA00BA414B /* MessageEntity.swift in Sources */ = {isa = PBXBuildFile; fileRef = 04D8885825F5DCEA00BA414B /* MessageEntity.swift */; };
		04D8885C25F5DD3700BA414B /* MessageDataSourceProtocol.swift in Sources */ = {isa = PBXBuildFile; fileRef = 04D8885B25F5DD3700BA414B /* MessageDataSourceProtocol.swift */; };
		04D8885F25F5DDD700BA414B /* MessageDataSource.swift in Sources */ = {isa = PBXBuildFile; fileRef = 04D8885E25F5DDD700BA414B /* MessageDataSource.swift */; };
		04D8886225F5DE2100BA414B /* MessageRepositoryProtocol.swift in Sources */ = {isa = PBXBuildFile; fileRef = 04D8886125F5DE2100BA414B /* MessageRepositoryProtocol.swift */; };
		04D8886525F5DE5C00BA414B /* MessageRepository.swift in Sources */ = {isa = PBXBuildFile; fileRef = 04D8886425F5DE5C00BA414B /* MessageRepository.swift */; };
		04D8886825F5DEE800BA414B /* MessageUseCase.swift in Sources */ = {isa = PBXBuildFile; fileRef = 04D8886725F5DEE800BA414B /* MessageUseCase.swift */; };
		04D8886B25F5DF1500BA414B /* MessageInteractor.swift in Sources */ = {isa = PBXBuildFile; fileRef = 04D8886A25F5DF1500BA414B /* MessageInteractor.swift */; };
		04D8886E25F5DFD400BA414B /* MessagePresenter.swift in Sources */ = {isa = PBXBuildFile; fileRef = 04D8886D25F5DFD400BA414B /* MessagePresenter.swift */; };
		04D8887225F5DFFB00BA414B /* MessagePresenterProtocol.swift in Sources */ = {isa = PBXBuildFile; fileRef = 04D8887125F5DFFB00BA414B /* MessagePresenterProtocol.swift */; };
		04D8887525F5E2BC00BA414B /* Injection.swift in Sources */ = {isa = PBXBuildFile; fileRef = 04D8887425F5E2BC00BA414B /* Injection.swift */; };
/* End PBXBuildFile section */

/* Begin PBXFileReference section */
		04D8883A25F5DC9A00BA414B /* alphaexpert.app */ = {isa = PBXFileReference; explicitFileType = wrapper.application; includeInIndex = 0; path = alphaexpert.app; sourceTree = BUILT_PRODUCTS_DIR; };
		04D8883D25F5DC9A00BA414B /* AppDelegate.swift */ = {isa = PBXFileReference; lastKnownFileType = sourcecode.swift; path = AppDelegate.swift; sourceTree = "<group>"; };
		04D8883F25F5DC9A00BA414B /* SceneDelegate.swift */ = {isa = PBXFileReference; lastKnownFileType = sourcecode.swift; path = SceneDelegate.swift; sourceTree = "<group>"; };
		04D8884125F5DC9A00BA414B /* ContentView.swift */ = {isa = PBXFileReference; lastKnownFileType = sourcecode.swift; path = ContentView.swift; sourceTree = "<group>"; };
		04D8884325F5DC9B00BA414B /* Assets.xcassets */ = {isa = PBXFileReference; lastKnownFileType = folder.assetcatalog; path = Assets.xcassets; sourceTree = "<group>"; };
		04D8884625F5DC9B00BA414B /* Preview Assets.xcassets */ = {isa = PBXFileReference; lastKnownFileType = folder.assetcatalog; path = "Preview Assets.xcassets"; sourceTree = "<group>"; };
		04D8884925F5DC9B00BA414B /* Base */ = {isa = PBXFileReference; lastKnownFileType = file.storyboard; name = Base; path = Base.lproj/LaunchScreen.storyboard; sourceTree = "<group>"; };
		04D8884B25F5DC9B00BA414B /* Info.plist */ = {isa = PBXFileReference; lastKnownFileType = text.plist.xml; path = Info.plist; sourceTree = "<group>"; };
		04D8885825F5DCEA00BA414B /* MessageEntity.swift */ = {isa = PBXFileReference; lastKnownFileType = sourcecode.swift; path = MessageEntity.swift; sourceTree = "<group>"; };
		04D8885B25F5DD3700BA414B /* MessageDataSourceProtocol.swift */ = {isa = PBXFileReference; lastKnownFileType = sourcecode.swift; path = MessageDataSourceProtocol.swift; sourceTree = "<group>"; };
		04D8885E25F5DDD700BA414B /* MessageDataSource.swift */ = {isa = PBXFileReference; lastKnownFileType = sourcecode.swift; path = MessageDataSource.swift; sourceTree = "<group>"; };
		04D8886125F5DE2100BA414B /* MessageRepositoryProtocol.swift */ = {isa = PBXFileReference; lastKnownFileType = sourcecode.swift; path = MessageRepositoryProtocol.swift; sourceTree = "<group>"; };
		04D8886425F5DE5C00BA414B /* MessageRepository.swift */ = {isa = PBXFileReference; lastKnownFileType = sourcecode.swift; path = MessageRepository.swift; sourceTree = "<group>"; };
		04D8886725F5DEE800BA414B /* MessageUseCase.swift */ = {isa = PBXFileReference; lastKnownFileType = sourcecode.swift; path = MessageUseCase.swift; sourceTree = "<group>"; };
		04D8886A25F5DF1500BA414B /* MessageInteractor.swift */ = {isa = PBXFileReference; lastKnownFileType = sourcecode.swift; path = MessageInteractor.swift; sourceTree = "<group>"; };
		04D8886D25F5DFD400BA414B /* MessagePresenter.swift */ = {isa = PBXFileReference; lastKnownFileType = sourcecode.swift; path = MessagePresenter.swift; sourceTree = "<group>"; };
		04D8887125F5DFFB00BA414B /* MessagePresenterProtocol.swift */ = {isa = PBXFileReference; lastKnownFileType = sourcecode.swift; path = MessagePresenterProtocol.swift; sourceTree = "<group>"; };
		04D8887425F5E2BC00BA414B /* Injection.swift */ = {isa = PBXFileReference; lastKnownFileType = sourcecode.swift; path = Injection.swift; sourceTree = "<group>"; };
/* End PBXFileReference section */

/* Begin PBXFrameworksBuildPhase section */
		04D8883725F5DC9A00BA414B /* Frameworks */ = {
			isa = PBXFrameworksBuildPhase;
			buildActionMask = 2147483647;
			files = (
			);
			runOnlyForDeploymentPostprocessing = 0;
		};
/* End PBXFrameworksBuildPhase section */

/* Begin PBXGroup section */
		04D8883125F5DC9A00BA414B = {
			isa = PBXGroup;
			children = (
				04D8883C25F5DC9A00BA414B /* alphaexpert */,
				04D8883B25F5DC9A00BA414B /* Products */,
			);
			sourceTree = "<group>";
		};
		04D8883B25F5DC9A00BA414B /* Products */ = {
			isa = PBXGroup;
			children = (
				04D8883A25F5DC9A00BA414B /* alphaexpert.app */,
			);
			name = Products;
			sourceTree = "<group>";
		};
		04D8883C25F5DC9A00BA414B /* alphaexpert */ = {
			isa = PBXGroup;
			children = (
				04D8885425F5DCB400BA414B /* App */,
				04D8887725F5E2C300BA414B /* DI */,
				04D8885225F5DCA400BA414B /* Presentation */,
				04D8885625F5DCBC00BA414B /* Data */,
				04D8885725F5DCCA00BA414B /* Domain */,
				04D8884325F5DC9B00BA414B /* Assets.xcassets */,
				04D8884825F5DC9B00BA414B /* LaunchScreen.storyboard */,
				04D8884B25F5DC9B00BA414B /* Info.plist */,
				04D8884525F5DC9B00BA414B /* Preview Content */,
			);
			path = alphaexpert;
			sourceTree = "<group>";
		};
		04D8884525F5DC9B00BA414B /* Preview Content */ = {
			isa = PBXGroup;
			children = (
				04D8884625F5DC9B00BA414B /* Preview Assets.xcassets */,
			);
			path = "Preview Content";
			sourceTree = "<group>";
		};
		04D8885225F5DCA400BA414B /* Presentation */ = {
			isa = PBXGroup;
			children = (
				04D8884125F5DC9A00BA414B /* ContentView.swift */,
				04D8886D25F5DFD400BA414B /* MessagePresenter.swift */,
				04D8887125F5DFFB00BA414B /* MessagePresenterProtocol.swift */,
			);
			path = Presentation;
			sourceTree = "<group>";
		};
		04D8885425F5DCB400BA414B /* App */ = {
			isa = PBXGroup;
			children = (
				04D8883D25F5DC9A00BA414B /* AppDelegate.swift */,
				04D8883F25F5DC9A00BA414B /* SceneDelegate.swift */,
			);
			path = App;
			sourceTree = "<group>";
		};
		04D8885625F5DCBC00BA414B /* Data */ = {
			isa = PBXGroup;
			children = (
				04D8885B25F5DD3700BA414B /* MessageDataSourceProtocol.swift */,
				04D8885E25F5DDD700BA414B /* MessageDataSource.swift */,
				04D8886125F5DE2100BA414B /* MessageRepositoryProtocol.swift */,
				04D8886425F5DE5C00BA414B /* MessageRepository.swift */,
			);
			path = Data;
			sourceTree = "<group>";
		};
		04D8885725F5DCCA00BA414B /* Domain */ = {
			isa = PBXGroup;
			children = (
				04D8885825F5DCEA00BA414B /* MessageEntity.swift */,
				04D8886725F5DEE800BA414B /* MessageUseCase.swift */,
				04D8886A25F5DF1500BA414B /* MessageInteractor.swift */,
			);
			path = Domain;
			sourceTree = "<group>";
		};
		04D8887725F5E2C300BA414B /* DI */ = {
			isa = PBXGroup;
			children = (
				04D8887425F5E2BC00BA414B /* Injection.swift */,
			);
			path = DI;
			sourceTree = "<group>";
		};
/* End PBXGroup section */

/* Begin PBXNativeTarget section */
		04D8883925F5DC9A00BA414B /* alphaexpert */ = {
			isa = PBXNativeTarget;
			buildConfigurationList = 04D8884E25F5DC9B00BA414B /* Build configuration list for PBXNativeTarget "alphaexpert" */;
			buildPhases = (
				04D8883625F5DC9A00BA414B /* Sources */,
				04D8883725F5DC9A00BA414B /* Frameworks */,
				04D8883825F5DC9A00BA414B /* Resources */,
			);
			buildRules = (
			);
			dependencies = (
			);
			name = alphaexpert;
			productName = alphaexpert;
			productReference = 04D8883A25F5DC9A00BA414B /* alphaexpert.app */;
			productType = "com.apple.product-type.application";
		};
/* End PBXNativeTarget section */

/* Begin PBXProject section */
		04D8883225F5DC9A00BA414B /* Project object */ = {
			isa = PBXProject;
			attributes = {
				LastSwiftUpdateCheck = 1240;
				LastUpgradeCheck = 1240;
				TargetAttributes = {
					04D8883925F5DC9A00BA414B = {
						CreatedOnToolsVersion = 12.4;
					};
				};
			};
			buildConfigurationList = 04D8883525F5DC9A00BA414B /* Build configuration list for PBXProject "alphaexpert" */;
			compatibilityVersion = "Xcode 9.3";
			developmentRegion = en;
			hasScannedForEncodings = 0;
			knownRegions = (
				en,
				Base,
			);
			mainGroup = 04D8883125F5DC9A00BA414B;
			productRefGroup = 04D8883B25F5DC9A00BA414B /* Products */;
			projectDirPath = "";
			projectRoot = "";
			targets = (
				04D8883925F5DC9A00BA414B /* alphaexpert */,
			);
		};
/* End PBXProject section */

/* Begin PBXResourcesBuildPhase section */
		04D8883825F5DC9A00BA414B /* Resources */ = {
			isa = PBXResourcesBuildPhase;
			buildActionMask = 2147483647;
			files = (
				04D8884A25F5DC9B00BA414B /* LaunchScreen.storyboard in Resources */,
				04D8884725F5DC9B00BA414B /* Preview Assets.xcassets in Resources */,
				04D8884425F5DC9B00BA414B /* Assets.xcassets in Resources */,
			);
			runOnlyForDeploymentPostprocessing = 0;
		};
/* End PBXResourcesBuildPhase section */

/* Begin PBXSourcesBuildPhase section */
		04D8883625F5DC9A00BA414B /* Sources */ = {
			isa = PBXSourcesBuildPhase;
			buildActionMask = 2147483647;
			files = (
				04D8887525F5E2BC00BA414B /* Injection.swift in Sources */,
				04D8886B25F5DF1500BA414B /* MessageInteractor.swift in Sources */,
				04D8885F25F5DDD700BA414B /* MessageDataSource.swift in Sources */,
				04D8885925F5DCEA00BA414B /* MessageEntity.swift in Sources */,
				04D8886825F5DEE800BA414B /* MessageUseCase.swift in Sources */,
				04D8883E25F5DC9A00BA414B /* AppDelegate.swift in Sources */,
				04D8884025F5DC9A00BA414B /* SceneDelegate.swift in Sources */,
				04D8885C25F5DD3700BA414B /* MessageDataSourceProtocol.swift in Sources */,
				04D8886225F5DE2100BA414B /* MessageRepositoryProtocol.swift in Sources */,
				04D8887225F5DFFB00BA414B /* MessagePresenterProtocol.swift in Sources */,
				04D8884225F5DC9A00BA414B /* ContentView.swift in Sources */,
				04D8886525F5DE5C00BA414B /* MessageRepository.swift in Sources */,
				04D8886E25F5DFD400BA414B /* MessagePresenter.swift in Sources */,
			);
			runOnlyForDeploymentPostprocessing = 0;
		};
/* End PBXSourcesBuildPhase section */

/* Begin PBXVariantGroup section */
		04D8884825F5DC9B00BA414B /* LaunchScreen.storyboard */ = {
			isa = PBXVariantGroup;
			children = (
				04D8884925F5DC9B00BA414B /* Base */,
			);
			name = LaunchScreen.storyboard;
			sourceTree = "<group>";
		};
/* End PBXVariantGroup section */

/* Begin XCBuildConfiguration section */
		04D8884C25F5DC9B00BA414B /* Debug */ = {
			isa = XCBuildConfiguration;
			buildSettings = {
				ALWAYS_SEARCH_USER_PATHS = NO;
				CLANG_ANALYZER_NONNULL = YES;
				CLANG_ANALYZER_NUMBER_OBJECT_CONVERSION = YES_AGGRESSIVE;
				CLANG_CXX_LANGUAGE_STANDARD = "gnu++14";
				CLANG_CXX_LIBRARY = "libc++";
				CLANG_ENABLE_MODULES = YES;
				CLANG_ENABLE_OBJC_ARC = YES;
				CLANG_ENABLE_OBJC_WEAK = YES;
				CLANG_WARN_BLOCK_CAPTURE_AUTORELEASING = YES;
				CLANG_WARN_BOOL_CONVERSION = YES;
				CLANG_WARN_COMMA = YES;
				CLANG_WARN_CONSTANT_CONVERSION = YES;
				CLANG_WARN_DEPRECATED_OBJC_IMPLEMENTATIONS = YES;
				CLANG_WARN_DIRECT_OBJC_ISA_USAGE = YES_ERROR;
				CLANG_WARN_DOCUMENTATION_COMMENTS = YES;
				CLANG_WARN_EMPTY_BODY = YES;
				CLANG_WARN_ENUM_CONVERSION = YES;
				CLANG_WARN_INFINITE_RECURSION = YES;
				CLANG_WARN_INT_CONVERSION = YES;
				CLANG_WARN_NON_LITERAL_NULL_CONVERSION = YES;
				CLANG_WARN_OBJC_IMPLICIT_RETAIN_SELF = YES;
				CLANG_WARN_OBJC_LITERAL_CONVERSION = YES;
				CLANG_WARN_OBJC_ROOT_CLASS = YES_ERROR;
				CLANG_WARN_QUOTED_INCLUDE_IN_FRAMEWORK_HEADER = YES;
				CLANG_WARN_RANGE_LOOP_ANALYSIS = YES;
				CLANG_WARN_STRICT_PROTOTYPES = YES;
				CLANG_WARN_SUSPICIOUS_MOVE = YES;
				CLANG_WARN_UNGUARDED_AVAILABILITY = YES_AGGRESSIVE;
				CLANG_WARN_UNREACHABLE_CODE = YES;
				CLANG_WARN__DUPLICATE_METHOD_MATCH = YES;
				COPY_PHASE_STRIP = NO;
				DEBUG_INFORMATION_FORMAT = dwarf;
				ENABLE_STRICT_OBJC_MSGSEND = YES;
				ENABLE_TESTABILITY = YES;
				GCC_C_LANGUAGE_STANDARD = gnu11;
				GCC_DYNAMIC_NO_PIC = NO;
				GCC_NO_COMMON_BLOCKS = YES;
				GCC_OPTIMIZATION_LEVEL = 0;
				GCC_PREPROCESSOR_DEFINITIONS = (
					"DEBUG=1",
					"$(inherited)",
				);
				GCC_WARN_64_TO_32_BIT_CONVERSION = YES;
				GCC_WARN_ABOUT_RETURN_TYPE = YES_ERROR;
				GCC_WARN_UNDECLARED_SELECTOR = YES;
				GCC_WARN_UNINITIALIZED_AUTOS = YES_AGGRESSIVE;
				GCC_WARN_UNUSED_FUNCTION = YES;
				GCC_WARN_UNUSED_VARIABLE = YES;
				IPHONEOS_DEPLOYMENT_TARGET = 14.4;
				MTL_ENABLE_DEBUG_INFO = INCLUDE_SOURCE;
				MTL_FAST_MATH = YES;
				ONLY_ACTIVE_ARCH = YES;
				SDKROOT = iphoneos;
				SWIFT_ACTIVE_COMPILATION_CONDITIONS = DEBUG;
				SWIFT_OPTIMIZATION_LEVEL = "-Onone";
			};
			name = Debug;
		};
		04D8884D25F5DC9B00BA414B /* Release */ = {
			isa = XCBuildConfiguration;
			buildSettings = {
				ALWAYS_SEARCH_USER_PATHS = NO;
				CLANG_ANALYZER_NONNULL = YES;
				CLANG_ANALYZER_NUMBER_OBJECT_CONVERSION = YES_AGGRESSIVE;
				CLANG_CXX_LANGUAGE_STANDARD = "gnu++14";
				CLANG_CXX_LIBRARY = "libc++";
				CLANG_ENABLE_MODULES = YES;
				CLANG_ENABLE_OBJC_ARC = YES;
				CLANG_ENABLE_OBJC_WEAK = YES;
				CLANG_WARN_BLOCK_CAPTURE_AUTORELEASING = YES;
				CLANG_WARN_BOOL_CONVERSION = YES;
				CLANG_WARN_COMMA = YES;
				CLANG_WARN_CONSTANT_CONVERSION = YES;
				CLANG_WARN_DEPRECATED_OBJC_IMPLEMENTATIONS = YES;
				CLANG_WARN_DIRECT_OBJC_ISA_USAGE = YES_ERROR;
				CLANG_WARN_DOCUMENTATION_COMMENTS = YES;
				CLANG_WARN_EMPTY_BODY = YES;
				CLANG_WARN_ENUM_CONVERSION = YES;
				CLANG_WARN_INFINITE_RECURSION = YES;
				CLANG_WARN_INT_CONVERSION = YES;
				CLANG_WARN_NON_LITERAL_NULL_CONVERSION = YES;
				CLANG_WARN_OBJC_IMPLICIT_RETAIN_SELF = YES;
				CLANG_WARN_OBJC_LITERAL_CONVERSION = YES;
				CLANG_WARN_OBJC_ROOT_CLASS = YES_ERROR;
				CLANG_WARN_QUOTED_INCLUDE_IN_FRAMEWORK_HEADER = YES;
				CLANG_WARN_RANGE_LOOP_ANALYSIS = YES;
				CLANG_WARN_STRICT_PROTOTYPES = YES;
				CLANG_WARN_SUSPICIOUS_MOVE = YES;
				CLANG_WARN_UNGUARDED_AVAILABILITY = YES_AGGRESSIVE;
				CLANG_WARN_UNREACHABLE_CODE = YES;
				CLANG_WARN__DUPLICATE_METHOD_MATCH = YES;
				COPY_PHASE_STRIP = NO;
				DEBUG_INFORMATION_FORMAT = "dwarf-with-dsym";
				ENABLE_NS_ASSERTIONS = NO;
				ENABLE_STRICT_OBJC_MSGSEND = YES;
				GCC_C_LANGUAGE_STANDARD = gnu11;
				GCC_NO_COMMON_BLOCKS = YES;
				GCC_WARN_64_TO_32_BIT_CONVERSION = YES;
				GCC_WARN_ABOUT_RETURN_TYPE = YES_ERROR;
				GCC_WARN_UNDECLARED_SELECTOR = YES;
				GCC_WARN_UNINITIALIZED_AUTOS = YES_AGGRESSIVE;
				GCC_WARN_UNUSED_FUNCTION = YES;
				GCC_WARN_UNUSED_VARIABLE = YES;
				IPHONEOS_DEPLOYMENT_TARGET = 14.4;
				MTL_ENABLE_DEBUG_INFO = NO;
				MTL_FAST_MATH = YES;
				SDKROOT = iphoneos;
				SWIFT_COMPILATION_MODE = wholemodule;
				SWIFT_OPTIMIZATION_LEVEL = "-O";
				VALIDATE_PRODUCT = YES;
			};
			name = Release;
		};
		04D8884F25F5DC9B00BA414B /* Debug */ = {
			isa = XCBuildConfiguration;
			buildSettings = {
				ASSETCATALOG_COMPILER_APPICON_NAME = AppIcon;
				ASSETCATALOG_COMPILER_GLOBAL_ACCENT_COLOR_NAME = AccentColor;
				CODE_SIGN_STYLE = Automatic;
				DEVELOPMENT_ASSET_PATHS = "\"alphaexpert/Preview Content\"";
				DEVELOPMENT_TEAM = SWR83G7DDM;
				ENABLE_PREVIEWS = YES;
				INFOPLIST_FILE = alphaexpert/Info.plist;
				LD_RUNPATH_SEARCH_PATHS = (
					"$(inherited)",
					"@executable_path/Frameworks",
				);
				PRODUCT_BUNDLE_IDENTIFIER = com.addindev.alphaexpert;
				PRODUCT_NAME = "$(TARGET_NAME)";
				SWIFT_VERSION = 5.0;
				TARGETED_DEVICE_FAMILY = "1,2";
			};
			name = Debug;
		};
		04D8885025F5DC9B00BA414B /* Release */ = {
			isa = XCBuildConfiguration;
			buildSettings = {
				ASSETCATALOG_COMPILER_APPICON_NAME = AppIcon;
				ASSETCATALOG_COMPILER_GLOBAL_ACCENT_COLOR_NAME = AccentColor;
				CODE_SIGN_STYLE = Automatic;
				DEVELOPMENT_ASSET_PATHS = "\"alphaexpert/Preview Content\"";
				DEVELOPMENT_TEAM = SWR83G7DDM;
				ENABLE_PREVIEWS = YES;
				INFOPLIST_FILE = alphaexpert/Info.plist;
				LD_RUNPATH_SEARCH_PATHS = (
					"$(inherited)",
					"@executable_path/Frameworks",
				);
				PRODUCT_BUNDLE_IDENTIFIER = com.addindev.alphaexpert;
				PRODUCT_NAME = "$(TARGET_NAME)";
				SWIFT_VERSION = 5.0;
				TARGETED_DEVICE_FAMILY = "1,2";
			};
			name = Release;
		};
/* End XCBuildConfiguration section */

/* Begin XCConfigurationList section */
		04D8883525F5DC9A00BA414B /* Build configuration list for PBXProject "alphaexpert" */ = {
			isa = XCConfigurationList;
			buildConfigurations = (
				04D8884C25F5DC9B00BA414B /* Debug */,
				04D8884D25F5DC9B00BA414B /* Release */,
			);
			defaultConfigurationIsVisible = 0;
			defaultConfigurationName = Release;
		};
		04D8884E25F5DC9B00BA414B /* Build configuration list for PBXNativeTarget "alphaexpert" */ = {
			isa = XCConfigurationList;
			buildConfigurations = (
				04D8884F25F5DC9B00BA414B /* Debug */,
				04D8885025F5DC9B00BA414B /* Release */,
			);
			defaultConfigurationIsVisible = 0;
			defaultConfigurationName = Release;
		};
/* End XCConfigurationList section */
	};
	rootObject = 04D8883225F5DC9A00BA414B /* Project object */;
}
